
Microsoft Visual Studio Solution File, Format Version 12.00
# Visual Studio Version 16
VisualStudioVersion = 16.0.31605.320
MinimumVisualStudioVersion = 10.0.40219.1
Project("{FAE04EC0-301F-11D3-BF4B-00C04F79EFBC}") = "book_store", "book_store\book_store.csproj", "{8C0F5059-7808-4864-B64C-F5628AB7961A}"
EndProject
Global
	GlobalSection(SolutionConfigurationPlatforms) = preSolution
		Debug|Any CPU = Debug|Any CPU
		Release|Any CPU = Release|Any CPU
	EndGlobalSection
	GlobalSection(ProjectConfigurationPlatforms) = postSolution
		{8C0F5059-7808-4864-B64C-F5628AB7961A}.Debug|Any CPU.ActiveCfg = Debug|Any CPU
		{8C0F5059-7808-4864-B64C-F5628AB7961A}.Debug|Any CPU.Build.0 = Debug|Any CPU
		{8C0F5059-7808-4864-B64C-F5628AB7961A}.Release|Any CPU.ActiveCfg = Release|Any CPU
		{8C0F5059-7808-4864-B64C-F5628AB7961A}.Release|Any CPU.Build.0 = Release|Any CPU
	EndGlobalSection
	GlobalSection(SolutionProperties) = preSolution
		HideSolutionNode = FALSE
	EndGlobalSection
	GlobalSection(ExtensibilityGlobals) = postSolution
		SolutionGuid = {A1C49BA3-D59D-4AD8-AF2D-B7571E4F5AE3}
	EndGlobalSection
EndGlobal
